<?xml version="1.0" encoding="utf-8"?>
<Project ToolsVersion="4.0" xmlns="http://schemas.microsoft.com/developer/msbuild/2003">
  <ItemGroup>
    <Filter Include="Core">
      <UniqueIdentifier>{4FC737F1-C7A5-4376-A066-2A32D752A2FF}</UniqueIdentifier>
    </Filter>
    <Filter Include="Graphics">
      <UniqueIdentifier>{93995380-89BD-4b04-88EB-625FBE52EBFB}</UniqueIdentifier>
    </Filter>
    <Filter Include="Audio">
      <UniqueIdentifier>{67DA6AB6-F800-4c08-8B7A-83BB121AAD01}</UniqueIdentifier>
    </Filter>
    <Filter Include="Input">
      <UniqueIdentifier>{A1B2C3D4-E5F6-4789-ABCD-EF0123456789}</UniqueIdentifier>
    </Filter>
    <Filter Include="Resources">
      <UniqueIdentifier>{B2C3D4E5-F6A7-4890-BCDE-F01234567890}</UniqueIdentifier>
    </Filter>
    <Filter Include="Utils">
      <UniqueIdentifier>{C3D4E5F6-A7B8-4901-CDEF-012345678901}</UniqueIdentifier>
    </Filter>
    <Filter Include="Game">
      <UniqueIdentifier>{D4E5F6A7-B8C9-4012-DEF0-123456789012}</UniqueIdentifier>
    </Filter>
  </ItemGroup>
  <!-- Core Files -->
  <ItemGroup>
    <ClCompile Include="Core\main.cpp">
      <Filter>Core</Filter>
    </ClCompile>
    <ClCompile Include="Core\GameController.cpp">
      <Filter>Core</Filter>
    </ClCompile>
    <ClCompile Include="Core\Timing.cpp">
      <Filter>Core</Filter>
    </ClCompile>
  </ItemGroup>
  <ItemGroup>
    <ClInclude Include="Core\GameController.h">
      <Filter>Core</Filter>
    </ClInclude>
    <ClInclude Include="Core\Timing.h">
      <Filter>Core</Filter>
    </ClInclude>
    <ClInclude Include="Core\StandardIncludes.h">
      <Filter>Core</Filter>
    </ClInclude>
    <ClInclude Include="Core\Singleton.h">
      <Filter>Core</Filter>
    </ClInclude>
    <ClInclude Include="Core\BasicStructs.h">
      <Filter>Core</Filter>
    </ClInclude>
    <ClInclude Include="Graphics\CollisionShape.h">
      <Filter>Graphics</Filter>
    </ClInclude>
  </ItemGroup>
  <!-- Graphics Files -->
  <ItemGroup>
    <ClCompile Include="Graphics\Renderer.cpp">
      <Filter>Graphics</Filter>
    </ClCompile>
    <ClCompile Include="Graphics\RenderTarget.cpp">
      <Filter>Graphics</Filter>
    </ClCompile>
    <ClCompile Include="Graphics\Texture.cpp">
      <Filter>Graphics</Filter>
    </ClCompile>
    <ClCompile Include="Graphics\SpriteSheet.cpp">
      <Filter>Graphics</Filter>
    </ClCompile>
    <ClCompile Include="Graphics\SpriteAnim.cpp">
      <Filter>Graphics</Filter>
    </ClCompile>
    <ClCompile Include="Graphics\AnimatedSpriteLoader.cpp">
      <Filter>Graphics</Filter>
    </ClCompile>
    <ClCompile Include="Graphics\TileMap.cpp">
      <Filter>Graphics</Filter>
    </ClCompile>
    <ClCompile Include="Graphics\Camera.cpp">
      <Filter>Graphics</Filter>
    </ClCompile>
    <ClCompile Include="Graphics\TTFont.cpp">
      <Filter>Graphics</Filter>
    </ClCompile>
    <ClCompile Include="Graphics\ImageReader.cpp">
      <Filter>Graphics</Filter>
    </ClCompile>
    <ClCompile Include="Graphics\TGAReader.cpp">
      <Filter>Graphics</Filter>
    </ClCompile>
    <ClCompile Include="Graphics\PNGReader.cpp">
      <Filter>Graphics</Filter>
    </ClCompile>
    <ClCompile Include="Graphics\WavDraw.cpp">
      <Filter>Graphics</Filter>
    </ClCompile>
  </ItemGroup>
  <ItemGroup>
    <ClInclude Include="Graphics\Renderer.h">
      <Filter>Graphics</Filter>
    </ClInclude>
    <ClInclude Include="Graphics\RenderTarget.h">
      <Filter>Graphics</Filter>
    </ClInclude>
    <ClInclude Include="Graphics\Texture.h">
      <Filter>Graphics</Filter>
    </ClInclude>
    <ClInclude Include="Graphics\SpriteSheet.h">
      <Filter>Graphics</Filter>
    </ClInclude>
    <ClInclude Include="Graphics\SpriteAnim.h">
      <Filter>Graphics</Filter>
    </ClInclude>
    <ClInclude Include="Graphics\AnimatedSpriteLoader.h">
      <Filter>Graphics</Filter>
    </ClInclude>
    <ClInclude Include="Graphics\TileMap.h">
      <Filter>Graphics</Filter>
    </ClInclude>
    <ClInclude Include="Graphics\Camera.h">
      <Filter>Graphics</Filter>
    </ClInclude>
    <ClInclude Include="Graphics\TTFont.h">
      <Filter>Graphics</Filter>
    </ClInclude>
    <ClInclude Include="Graphics\ImageReader.h">
      <Filter>Graphics</Filter>
    </ClInclude>
    <ClInclude Include="Graphics\TGAReader.h">
      <Filter>Graphics</Filter>
    </ClInclude>
    <ClInclude Include="Graphics\PNGReader.h">
      <Filter>Graphics</Filter>
    </ClInclude>
    <ClInclude Include="Graphics\WavDraw.h">
      <Filter>Graphics</Filter>
    </ClInclude>
  </ItemGroup>
  <!-- Audio Files -->
  <ItemGroup>
    <ClCompile Include="Audio\AudioController.cpp">
      <Filter>Audio</Filter>
    </ClCompile>
    <ClCompile Include="Audio\SoundEffect.cpp">
      <Filter>Audio</Filter>
    </ClCompile>
    <ClCompile Include="Audio\Song.cpp">
      <Filter>Audio</Filter>
    </ClCompile>
  </ItemGroup>
  <ItemGroup>
    <ClInclude Include="Audio\AudioController.h">
      <Filter>Audio</Filter>
    </ClInclude>
    <ClInclude Include="Audio\SoundEffect.h">
      <Filter>Audio</Filter>
    </ClInclude>
    <ClInclude Include="Audio\Song.h">
      <Filter>Audio</Filter>
    </ClInclude>
  </ItemGroup>
  <!-- Input Files -->
  <ItemGroup>
    <ClCompile Include="Input\InputController.cpp">
      <Filter>Input</Filter>
    </ClCompile>
    <ClCompile Include="Input\Keyboard.cpp">
      <Filter>Input</Filter>
    </ClCompile>
    <ClCompile Include="Input\Mouse.cpp">
      <Filter>Input</Filter>
    </ClCompile>
    <ClCompile Include="Input\Controller.cpp">
      <Filter>Input</Filter>
    </ClCompile>
  </ItemGroup>
  <ItemGroup>
    <ClInclude Include="Input\InputController.h">
      <Filter>Input</Filter>
    </ClInclude>
    <ClInclude Include="Input\Keyboard.h">
      <Filter>Input</Filter>
    </ClInclude>
    <ClInclude Include="Input\Mouse.h">
      <Filter>Input</Filter>
    </ClInclude>
    <ClInclude Include="Input\Controller.h">
      <Filter>Input</Filter>
    </ClInclude>
  </ItemGroup>
  <!-- Resources Files -->
  <ItemGroup>
    <ClCompile Include="Resources\AssetController.cpp">
      <Filter>Resources</Filter>
    </ClCompile>
    <ClCompile Include="Resources\Asset.cpp">
      <Filter>Resources</Filter>
    </ClCompile>
    <ClCompile Include="Resources\FileController.cpp">
      <Filter>Resources</Filter>
    </ClCompile>
    <ClCompile Include="Resources\Resource.cpp">
      <Filter>Resources</Filter>
    </ClCompile>
  </ItemGroup>
  <ItemGroup>
    <ClInclude Include="Resources\AssetController.h">
      <Filter>Resources</Filter>
    </ClInclude>
    <ClInclude Include="Resources\Asset.h">
      <Filter>Resources</Filter>
    </ClInclude>
    <ClInclude Include="Resources\FileController.h">
      <Filter>Resources</Filter>
    </ClInclude>
    <ClInclude Include="Resources\Resource.h">
      <Filter>Resources</Filter>
    </ClInclude>
    <ClInclude Include="Resources\Serializable.h">
      <Filter>Resources</Filter>
    </ClInclude>
  </ItemGroup>
  <!-- Utils Files -->
  <ItemGroup>
    <ClCompile Include="Utils\StackAllocator.cpp">
      <Filter>Utils</Filter>
    </ClCompile>
  </ItemGroup>
  <ItemGroup>
    <ClInclude Include="Utils\StackAllocator.h">
      <Filter>Utils</Filter>
    </ClInclude>
    <ClInclude Include="Utils\ObjectPool.h">
      <Filter>Utils</Filter>
    </ClInclude>
  </ItemGroup>
  <!-- Game Files -->
  <ItemGroup>
    <ClCompile Include="Game\Player.cpp">
      <Filter>Game</Filter>
    </ClCompile>
    <ClCompile Include="Game\ChunkMap.cpp">
      <Filter>Game</Filter>
    </ClCompile>
    <ClCompile Include="Game\GameUI.cpp">
      <Filter>Game</Filter>
    </ClCompile>
    <ClCompile Include="Game\UIButton.cpp">
      <Filter>Game</Filter>
    </ClCompile>
    <ClCompile Include="Game\Level.cpp">
      <Filter>Game</Filter>
    </ClCompile>
    <ClCompile Include="Game\Unit.cpp">
      <Filter>Game</Filter>
    </ClCompile>
    <ClCompile Include="Game\Coin.cpp">
      <Filter>Game</Filter>
    </ClCompile>
    <ClCompile Include="Game\Enemy.cpp">
      <Filter>Game</Filter>
    </ClCompile>
    <ClCompile Include="Game\WorldEntity.cpp">
      <Filter>Game</Filter>
    </ClCompile>
  </ItemGroup>
  <ItemGroup>
    <ClInclude Include="Game\Player.h">
      <Filter>Game</Filter>
    </ClInclude>
    <ClInclude Include="Game\ChunkMap.h">
      <Filter>Game</Filter>
    </ClInclude>
    <ClInclude Include="Game\GameUI.h">
      <Filter>Game</Filter>
    </ClInclude>
    <ClInclude Include="Game\UIButton.h">
      <Filter>Game</Filter>
    </ClInclude>
    <ClInclude Include="Game\Level.h">
      <Filter>Game</Filter>
    </ClInclude>
    <ClInclude Include="Game\Unit.h">
      <Filter>Game</Filter>
    </ClInclude>
    <ClInclude Include="Game\Coin.h">
      <Filter>Game</Filter>
    </ClInclude>
    <ClInclude Include="Game\Enemy.h">
      <Filter>Game</Filter>
    </ClInclude>
    <ClInclude Include="Game\WorldEntity.h">
      <Filter>Game</Filter>
    </ClInclude>
  </ItemGroup>
</Project>